
Microsoft Visual Studio Solution File, Format Version 12.00
# Visual Studio Version 17
VisualStudioVersion = 17.7.34024.191
MinimumVisualStudioVersion = 10.0.40219.1
Project("{FAE04EC0-301F-11D3-BF4B-00C04F79EFBC}") = "Exersice two", "Exersice two\Exersice two.csproj", "{DBADD422-7F44-47B2-8698-32D0DAADE8AE}"
EndProject
Global
	GlobalSection(SolutionConfigurationPlatforms) = preSolution
		Debug|Any CPU = Debug|Any CPU
		Release|Any CPU = Release|Any CPU
	EndGlobalSection
	GlobalSection(ProjectConfigurationPlatforms) = postSolution
		{DBADD422-7F44-47B2-8698-32D0DAADE8AE}.Debug|Any CPU.ActiveCfg = Debug|Any CPU
		{DBADD422-7F44-47B2-8698-32D0DAADE8AE}.Debug|Any CPU.Build.0 = Debug|Any CPU
		{DBADD422-7F44-47B2-8698-32D0DAADE8AE}.Release|Any CPU.ActiveCfg = Release|Any CPU
		{DBADD422-7F44-47B2-8698-32D0DAADE8AE}.Release|Any CPU.Build.0 = Release|Any CPU
	EndGlobalSection
	GlobalSection(SolutionProperties) = preSolution
		HideSolutionNode = FALSE
	EndGlobalSection
	GlobalSection(ExtensibilityGlobals) = postSolution
		SolutionGuid = {77134225-4061-471D-A8BD-D39F6FE408C0}
	EndGlobalSection
EndGlobal
